// !$*UTF8*$!
{
	archiveVersion = 1;
	classes = {
	};
	objectVersion = 48;
	objects = {

/* Begin PBXBuildFile section */
		C6085AD72005406300659EB3 /* Assets.xcassets in Resources */ = {isa = PBXBuildFile; fileRef = C6085AD62005406300659EB3 /* Assets.xcassets */; };
		C6085AE32005572B00659EB3 /* CustomNotificationSound5.5.wav in Resources */ = {isa = PBXBuildFile; fileRef = C6085AE22005572B00659EB3 /* CustomNotificationSound5.5.wav */; };
		C642671A2001B6FE00CE9AD2 /* AppDelegate.swift in Sources */ = {isa = PBXBuildFile; fileRef = C64267192001B6FE00CE9AD2 /* AppDelegate.swift */; };
		C642671C2001B6FE00CE9AD2 /* ViewController.swift in Sources */ = {isa = PBXBuildFile; fileRef = C642671B2001B6FE00CE9AD2 /* ViewController.swift */; };
		C642671F2001B6FE00CE9AD2 /* Main.storyboard in Resources */ = {isa = PBXBuildFile; fileRef = C642671D2001B6FE00CE9AD2 /* Main.storyboard */; };
		C64267222001B6FE00CE9AD2 /* LocalNotificationExample.xcdatamodeld in Sources */ = {isa = PBXBuildFile; fileRef = C64267202001B6FE00CE9AD2 /* LocalNotificationExample.xcdatamodeld */; };
		C64267272001B6FE00CE9AD2 /* LaunchScreen.storyboard in Resources */ = {isa = PBXBuildFile; fileRef = C64267252001B6FE00CE9AD2 /* LaunchScreen.storyboard */; };
		C64267322001B6FE00CE9AD2 /* LocalNotificationExampleTests.swift in Sources */ = {isa = PBXBuildFile; fileRef = C64267312001B6FE00CE9AD2 /* LocalNotificationExampleTests.swift */; };
		C642673D2001B6FE00CE9AD2 /* LocalNotificationExampleUITests.swift in Sources */ = {isa = PBXBuildFile; fileRef = C642673C2001B6FE00CE9AD2 /* LocalNotificationExampleUITests.swift */; };
		C642674B2001B78300CE9AD2 /* Alerts.swift in Sources */ = {isa = PBXBuildFile; fileRef = C642674A2001B78300CE9AD2 /* Alerts.swift */; };
/* End PBXBuildFile section */

/* Begin PBXContainerItemProxy section */
		C642672E2001B6FE00CE9AD2 /* PBXContainerItemProxy */ = {
			isa = PBXContainerItemProxy;
			containerPortal = C642670E2001B6FE00CE9AD2 /* Project object */;
			proxyType = 1;
			remoteGlobalIDString = C64267152001B6FE00CE9AD2;
			remoteInfo = LocalNotificationExample;
		};
		C64267392001B6FE00CE9AD2 /* PBXContainerItemProxy */ = {
			isa = PBXContainerItemProxy;
			containerPortal = C642670E2001B6FE00CE9AD2 /* Project object */;
			proxyType = 1;
			remoteGlobalIDString = C64267152001B6FE00CE9AD2;
			remoteInfo = LocalNotificationExample;
		};
/* End PBXContainerItemProxy section */

/* Begin PBXFileReference section */
		C6085AD62005406300659EB3 /* Assets.xcassets */ = {isa = PBXFileReference; lastKnownFileType = folder.assetcatalog; path = Assets.xcassets; sourceTree = "<group>"; };
		C6085AE22005572B00659EB3 /* CustomNotificationSound5.5.wav */ = {isa = PBXFileReference; lastKnownFileType = audio.wav; path = CustomNotificationSound5.5.wav; sourceTree = "<group>"; };
		C64267162001B6FE00CE9AD2 /* LocalNotificationExample.app */ = {isa = PBXFileReference; explicitFileType = wrapper.application; includeInIndex = 0; path = LocalNotificationExample.app; sourceTree = BUILT_PRODUCTS_DIR; };
		C64267192001B6FE00CE9AD2 /* AppDelegate.swift */ = {isa = PBXFileReference; lastKnownFileType = sourcecode.swift; path = AppDelegate.swift; sourceTree = "<group>"; };
		C642671B2001B6FE00CE9AD2 /* ViewController.swift */ = {isa = PBXFileReference; lastKnownFileType = sourcecode.swift; path = ViewController.swift; sourceTree = "<group>"; };
		C642671E2001B6FE00CE9AD2 /* Base */ = {isa = PBXFileReference; lastKnownFileType = file.storyboard; name = Base; path = Base.lproj/Main.storyboard; sourceTree = "<group>"; };
		C64267212001B6FE00CE9AD2 /* LocalNotificationExample.xcdatamodel */ = {isa = PBXFileReference; lastKnownFileType = wrapper.xcdatamodel; path = LocalNotificationExample.xcdatamodel; sourceTree = "<group>"; };
		C64267262001B6FE00CE9AD2 /* Base */ = {isa = PBXFileReference; lastKnownFileType = file.storyboard; name = Base; path = Base.lproj/LaunchScreen.storyboard; sourceTree = "<group>"; };
		C64267282001B6FE00CE9AD2 /* Info.plist */ = {isa = PBXFileReference; lastKnownFileType = text.plist.xml; path = Info.plist; sourceTree = "<group>"; };
		C642672D2001B6FE00CE9AD2 /* LocalNotificationExampleTests.xctest */ = {isa = PBXFileReference; explicitFileType = wrapper.cfbundle; includeInIndex = 0; path = LocalNotificationExampleTests.xctest; sourceTree = BUILT_PRODUCTS_DIR; };
		C64267312001B6FE00CE9AD2 /* LocalNotificationExampleTests.swift */ = {isa = PBXFileReference; lastKnownFileType = sourcecode.swift; path = LocalNotificationExampleTests.swift; sourceTree = "<group>"; };
		C64267332001B6FE00CE9AD2 /* Info.plist */ = {isa = PBXFileReference; lastKnownFileType = text.plist.xml; path = Info.plist; sourceTree = "<group>"; };
		C64267382001B6FE00CE9AD2 /* LocalNotificationExampleUITests.xctest */ = {isa = PBXFileReference; explicitFileType = wrapper.cfbundle; includeInIndex = 0; path = LocalNotificationExampleUITests.xctest; sourceTree = BUILT_PRODUCTS_DIR; };
		C642673C2001B6FE00CE9AD2 /* LocalNotificationExampleUITests.swift */ = {isa = PBXFileReference; lastKnownFileType = sourcecode.swift; path = LocalNotificationExampleUITests.swift; sourceTree = "<group>"; };
		C642673E2001B6FE00CE9AD2 /* Info.plist */ = {isa = PBXFileReference; lastKnownFileType = text.plist.xml; path = Info.plist; sourceTree = "<group>"; };
		C642674A2001B78300CE9AD2 /* Alerts.swift */ = {isa = PBXFileReference; lastKnownFileType = sourcecode.swift; path = Alerts.swift; sourceTree = "<group>"; };
/* End PBXFileReference section */

/* Begin PBXFrameworksBuildPhase section */
		C64267132001B6FE00CE9AD2 /* Frameworks */ = {
			isa = PBXFrameworksBuildPhase;
			buildActionMask = 2147483647;
			files = (
			);
			runOnlyForDeploymentPostprocessing = 0;
		};
		C642672A2001B6FE00CE9AD2 /* Frameworks */ = {
			isa = PBXFrameworksBuildPhase;
			buildActionMask = 2147483647;
			files = (
			);
			runOnlyForDeploymentPostprocessing = 0;
		};
		C64267352001B6FE00CE9AD2 /* Frameworks */ = {
			isa = PBXFrameworksBuildPhase;
			buildActionMask = 2147483647;
			files = (
			);
			runOnlyForDeploymentPostprocessing = 0;
		};
/* End PBXFrameworksBuildPhase section */

/* Begin PBXGroup section */
		C642670D2001B6FE00CE9AD2 = {
			isa = PBXGroup;
			children = (
				C64267182001B6FE00CE9AD2 /* LocalNotificationExample */,
				C64267302001B6FE00CE9AD2 /* LocalNotificationExampleTests */,
				C642673B2001B6FE00CE9AD2 /* LocalNotificationExampleUITests */,
				C64267172001B6FE00CE9AD2 /* Products */,
			);
			sourceTree = "<group>";
		};
		C64267172001B6FE00CE9AD2 /* Products */ = {
			isa = PBXGroup;
			children = (
				C64267162001B6FE00CE9AD2 /* LocalNotificationExample.app */,
				C642672D2001B6FE00CE9AD2 /* LocalNotificationExampleTests.xctest */,
				C64267382001B6FE00CE9AD2 /* LocalNotificationExampleUITests.xctest */,
			);
			name = Products;
			sourceTree = "<group>";
		};
		C64267182001B6FE00CE9AD2 /* LocalNotificationExample */ = {
			isa = PBXGroup;
			children = (
				C64267192001B6FE00CE9AD2 /* AppDelegate.swift */,
				C6085AE22005572B00659EB3 /* CustomNotificationSound5.5.wav */,
				C642671B2001B6FE00CE9AD2 /* ViewController.swift */,
				C642674A2001B78300CE9AD2 /* Alerts.swift */,
				C642671D2001B6FE00CE9AD2 /* Main.storyboard */,
				C64267252001B6FE00CE9AD2 /* LaunchScreen.storyboard */,
				C64267282001B6FE00CE9AD2 /* Info.plist */,
				C64267202001B6FE00CE9AD2 /* LocalNotificationExample.xcdatamodeld */,
				C6085AD62005406300659EB3 /* Assets.xcassets */,
			);
			path = LocalNotificationExample;
			sourceTree = "<group>";
		};
		C64267302001B6FE00CE9AD2 /* LocalNotificationExampleTests */ = {
			isa = PBXGroup;
			children = (
				C64267312001B6FE00CE9AD2 /* LocalNotificationExampleTests.swift */,
				C64267332001B6FE00CE9AD2 /* Info.plist */,
			);
			path = LocalNotificationExampleTests;
			sourceTree = "<group>";
		};
		C642673B2001B6FE00CE9AD2 /* LocalNotificationExampleUITests */ = {
			isa = PBXGroup;
			children = (
				C642673C2001B6FE00CE9AD2 /* LocalNotificationExampleUITests.swift */,
				C642673E2001B6FE00CE9AD2 /* Info.plist */,
			);
			path = LocalNotificationExampleUITests;
			sourceTree = "<group>";
		};
/* End PBXGroup section */

/* Begin PBXNativeTarget section */
		C64267152001B6FE00CE9AD2 /* LocalNotificationExample */ = {
			isa = PBXNativeTarget;
			buildConfigurationList = C64267412001B6FE00CE9AD2 /* Build configuration list for PBXNativeTarget "LocalNotificationExample" */;
			buildPhases = (
				C64267122001B6FE00CE9AD2 /* Sources */,
				C64267132001B6FE00CE9AD2 /* Frameworks */,
				C64267142001B6FE00CE9AD2 /* Resources */,
			);
			buildRules = (
			);
			dependencies = (
			);
			name = LocalNotificationExample;
			productName = LocalNotificationExample;
			productReference = C64267162001B6FE00CE9AD2 /* LocalNotificationExample.app */;
			productType = "com.apple.product-type.application";
		};
		C642672C2001B6FE00CE9AD2 /* LocalNotificationExampleTests */ = {
			isa = PBXNativeTarget;
			buildConfigurationList = C64267442001B6FE00CE9AD2 /* Build configuration list for PBXNativeTarget "LocalNotificationExampleTests" */;
			buildPhases = (
				C64267292001B6FE00CE9AD2 /* Sources */,
				C642672A2001B6FE00CE9AD2 /* Frameworks */,
				C642672B2001B6FE00CE9AD2 /* Resources */,
			);
			buildRules = (
			);
			dependencies = (
				C642672F2001B6FE00CE9AD2 /* PBXTargetDependency */,
			);
			name = LocalNotificationExampleTests;
			productName = LocalNotificationExampleTests;
			productReference = C642672D2001B6FE00CE9AD2 /* LocalNotificationExampleTests.xctest */;
			productType = "com.apple.product-type.bundle.unit-test";
		};
		C64267372001B6FE00CE9AD2 /* LocalNotificationExampleUITests */ = {
			isa = PBXNativeTarget;
			buildConfigurationList = C64267472001B6FE00CE9AD2 /* Build configuration list for PBXNativeTarget "LocalNotificationExampleUITests" */;
			buildPhases = (
				C64267342001B6FE00CE9AD2 /* Sources */,
				C64267352001B6FE00CE9AD2 /* Frameworks */,
				C64267362001B6FE00CE9AD2 /* Resources */,
			);
			buildRules = (
			);
			dependencies = (
				C642673A2001B6FE00CE9AD2 /* PBXTargetDependency */,
			);
			name = LocalNotificationExampleUITests;
			productName = LocalNotificationExampleUITests;
			productReference = C64267382001B6FE00CE9AD2 /* LocalNotificationExampleUITests.xctest */;
			productType = "com.apple.product-type.bundle.ui-testing";
		};
/* End PBXNativeTarget section */

/* Begin PBXProject section */
		C642670E2001B6FE00CE9AD2 /* Project object */ = {
			isa = PBXProject;
			attributes = {
				LastSwiftUpdateCheck = 0920;
				LastUpgradeCheck = 0920;
				ORGANIZATIONNAME = "Sean Goldsborough";
				TargetAttributes = {
					C64267152001B6FE00CE9AD2 = {
						CreatedOnToolsVersion = 9.2;
						ProvisioningStyle = Automatic;
					};
					C642672C2001B6FE00CE9AD2 = {
						CreatedOnToolsVersion = 9.2;
						ProvisioningStyle = Automatic;
						TestTargetID = C64267152001B6FE00CE9AD2;
					};
					C64267372001B6FE00CE9AD2 = {
						CreatedOnToolsVersion = 9.2;
						ProvisioningStyle = Automatic;
						TestTargetID = C64267152001B6FE00CE9AD2;
					};
				};
			};
			buildConfigurationList = C64267112001B6FE00CE9AD2 /* Build configuration list for PBXProject "LocalNotificationExample" */;
			compatibilityVersion = "Xcode 8.0";
			developmentRegion = en;
			hasScannedForEncodings = 0;
			knownRegions = (
				en,
				Base,
			);
			mainGroup = C642670D2001B6FE00CE9AD2;
			productRefGroup = C64267172001B6FE00CE9AD2 /* Products */;
			projectDirPath = "";
			projectRoot = "";
			targets = (
				C64267152001B6FE00CE9AD2 /* LocalNotificationExample */,
				C642672C2001B6FE00CE9AD2 /* LocalNotificationExampleTests */,
				C64267372001B6FE00CE9AD2 /* LocalNotificationExampleUITests */,
			);
		};
/* End PBXProject section */

/* Begin PBXResourcesBuildPhase section */
		C64267142001B6FE00CE9AD2 /* Resources */ = {
			isa = PBXResourcesBuildPhase;
			buildActionMask = 2147483647;
			files = (
				C6085AE32005572B00659EB3 /* CustomNotificationSound5.5.wav in Resources */,
				C64267272001B6FE00CE9AD2 /* LaunchScreen.storyboard in Resources */,
				C6085AD72005406300659EB3 /* Assets.xcassets in Resources */,
				C642671F2001B6FE00CE9AD2 /* Main.storyboard in Resources */,
			);
			runOnlyForDeploymentPostprocessing = 0;
		};
		C642672B2001B6FE00CE9AD2 /* Resources */ = {
			isa = PBXResourcesBuildPhase;
			buildActionMask = 2147483647;
			files = (
			);
			runOnlyForDeploymentPostprocessing = 0;
		};
		C64267362001B6FE00CE9AD2 /* Resources */ = {
			isa = PBXResourcesBuildPhase;
			buildActionMask = 2147483647;
			files = (
			);
			runOnlyForDeploymentPostprocessing = 0;
		};
/* End PBXResourcesBuildPhase section */

/* Begin PBXSourcesBuildPhase section */
		C64267122001B6FE00CE9AD2 /* Sources */ = {
			isa = PBXSourcesBuildPhase;
			buildActionMask = 2147483647;
			files = (
				C642671C2001B6FE00CE9AD2 /* ViewController.swift in Sources */,
				C64267222001B6FE00CE9AD2 /* LocalNotificationExample.xcdatamodeld in Sources */,
				C642674B2001B78300CE9AD2 /* Alerts.swift in Sources */,
				C642671A2001B6FE00CE9AD2 /* AppDelegate.swift in Sources */,
			);
			runOnlyForDeploymentPostprocessing = 0;
		};
		C64267292001B6FE00CE9AD2 /* Sources */ = {
			isa = PBXSourcesBuildPhase;
			buildActionMask = 2147483647;
			files = (
				C64267322001B6FE00CE9AD2 /* LocalNotificationExampleTests.swift in Sources */,
			);
			runOnlyForDeploymentPostprocessing = 0;
		};
		C64267342001B6FE00CE9AD2 /* Sources */ = {
			isa = PBXSourcesBuildPhase;
			buildActionMask = 2147483647;
			files = (
				C642673D2001B6FE00CE9AD2 /* LocalNotificationExampleUITests.swift in Sources */,
			);
			runOnlyForDeploymentPostprocessing = 0;
		};
/* End PBXSourcesBuildPhase section */

/* Begin PBXTargetDependency section */
		C642672F2001B6FE00CE9AD2 /* PBXTargetDependency */ = {
			isa = PBXTargetDependency;
			target = C64267152001B6FE00CE9AD2 /* LocalNotificationExample */;
			targetProxy = C642672E2001B6FE00CE9AD2 /* PBXContainerItemProxy */;
		};
		C642673A2001B6FE00CE9AD2 /* PBXTargetDependency */ = {
			isa = PBXTargetDependency;
			target = C64267152001B6FE00CE9AD2 /* LocalNotificationExample */;
			targetProxy = C64267392001B6FE00CE9AD2 /* PBXContainerItemProxy */;
		};
/* End PBXTargetDependency section */

/* Begin PBXVariantGroup section */
		C642671D2001B6FE00CE9AD2 /* Main.storyboard */ = {
			isa = PBXVariantGroup;
			children = (
				C642671E2001B6FE00CE9AD2 /* Base */,
			);
			name = Main.storyboard;
			sourceTree = "<group>";
		};
		C64267252001B6FE00CE9AD2 /* LaunchScreen.storyboard */ = {
			isa = PBXVariantGroup;
			children = (
				C64267262001B6FE00CE9AD2 /* Base */,
			);
			name = LaunchScreen.storyboard;
			sourceTree = "<group>";
		};
/* End PBXVariantGroup section */

/* Begin XCBuildConfiguration section */
		C642673F2001B6FE00CE9AD2 /* Debug */ = {
			isa = XCBuildConfiguration;
			buildSettings = {
				ALWAYS_SEARCH_USER_PATHS = NO;
				CLANG_ANALYZER_NONNULL = YES;
				CLANG_ANALYZER_NUMBER_OBJECT_CONVERSION = YES_AGGRESSIVE;
				CLANG_CXX_LANGUAGE_STANDARD = "gnu++14";
				CLANG_CXX_LIBRARY = "libc++";
				CLANG_ENABLE_MODULES = YES;
				CLANG_ENABLE_OBJC_ARC = YES;
				CLANG_WARN_BLOCK_CAPTURE_AUTORELEASING = YES;
				CLANG_WARN_BOOL_CONVERSION = YES;
				CLANG_WARN_COMMA = YES;
				CLANG_WARN_CONSTANT_CONVERSION = YES;
				CLANG_WARN_DIRECT_OBJC_ISA_USAGE = YES_ERROR;
				CLANG_WARN_DOCUMENTATION_COMMENTS = YES;
				CLANG_WARN_EMPTY_BODY = YES;
				CLANG_WARN_ENUM_CONVERSION = YES;
				CLANG_WARN_INFINITE_RECURSION = YES;
				CLANG_WARN_INT_CONVERSION = YES;
				CLANG_WARN_NON_LITERAL_NULL_CONVERSION = YES;
				CLANG_WARN_OBJC_LITERAL_CONVERSION = YES;
				CLANG_WARN_OBJC_ROOT_CLASS = YES_ERROR;
				CLANG_WARN_RANGE_LOOP_ANALYSIS = YES;
				CLANG_WARN_STRICT_PROTOTYPES = YES;
				CLANG_WARN_SUSPICIOUS_MOVE = YES;
				CLANG_WARN_UNGUARDED_AVAILABILITY = YES_AGGRESSIVE;
				CLANG_WARN_UNREACHABLE_CODE = YES;
				CLANG_WARN__DUPLICATE_METHOD_MATCH = YES;
				CODE_SIGN_IDENTITY = "iPhone Developer";
				COPY_PHASE_STRIP = NO;
				DEBUG_INFORMATION_FORMAT = dwarf;
				ENABLE_STRICT_OBJC_MSGSEND = YES;
				ENABLE_TESTABILITY = YES;
				GCC_C_LANGUAGE_STANDARD = gnu11;
				GCC_DYNAMIC_NO_PIC = NO;
				GCC_NO_COMMON_BLOCKS = YES;
				GCC_OPTIMIZATION_LEVEL = 0;
				GCC_PREPROCESSOR_DEFINITIONS = (
					"DEBUG=1",
					"$(inherited)",
				);
				GCC_WARN_64_TO_32_BIT_CONVERSION = YES;
				GCC_WARN_ABOUT_RETURN_TYPE = YES_ERROR;
				GCC_WARN_UNDECLARED_SELECTOR = YES;
				GCC_WARN_UNINITIALIZED_AUTOS = YES_AGGRESSIVE;
				GCC_WARN_UNUSED_FUNCTION = YES;
				GCC_WARN_UNUSED_VARIABLE = YES;
				IPHONEOS_DEPLOYMENT_TARGET = 11.2;
				MTL_ENABLE_DEBUG_INFO = YES;
				ONLY_ACTIVE_ARCH = YES;
				SDKROOT = iphoneos;
				SWIFT_ACTIVE_COMPILATION_CONDITIONS = DEBUG;
				SWIFT_OPTIMIZATION_LEVEL = "-Onone";
			};
			name = Debug;
		};
		C64267402001B6FE00CE9AD2 /* Release */ = {
			isa = XCBuildConfiguration;
			buildSettings = {
				ALWAYS_SEARCH_USER_PATHS = NO;
				CLANG_ANALYZER_NONNULL = YES;
				CLANG_ANALYZER_NUMBER_OBJECT_CONVERSION = YES_AGGRESSIVE;
				CLANG_CXX_LANGUAGE_STANDARD = "gnu++14";
				CLANG_CXX_LIBRARY = "libc++";
				CLANG_ENABLE_MODULES = YES;
				CLANG_ENABLE_OBJC_ARC = YES;
				CLANG_WARN_BLOCK_CAPTURE_AUTORELEASING = YES;
				CLANG_WARN_BOOL_CONVERSION = YES;
				CLANG_WARN_COMMA = YES;
				CLANG_WARN_CONSTANT_CONVERSION = YES;
				CLANG_WARN_DIRECT_OBJC_ISA_USAGE = YES_ERROR;
				CLANG_WARN_DOCUMENTATION_COMMENTS = YES;
				CLANG_WARN_EMPTY_BODY = YES;
				CLANG_WARN_ENUM_CONVERSION = YES;
				CLANG_WARN_INFINITE_RECURSION = YES;
				CLANG_WARN_INT_CONVERSION = YES;
				CLANG_WARN_NON_LITERAL_NULL_CONVERSION = YES;
				CLANG_WARN_OBJC_LITERAL_CONVERSION = YES;
				CLANG_WARN_OBJC_ROOT_CLASS = YES_ERROR;
				CLANG_WARN_RANGE_LOOP_ANALYSIS = YES;
				CLANG_WARN_STRICT_PROTOTYPES = YES;
				CLANG_WARN_SUSPICIOUS_MOVE = YES;
				CLANG_WARN_UNGUARDED_AVAILABILITY = YES_AGGRESSIVE;
				CLANG_WARN_UNREACHABLE_CODE = YES;
				CLANG_WARN__DUPLICATE_METHOD_MATCH = YES;
				CODE_SIGN_IDENTITY = "iPhone Developer";
				COPY_PHASE_STRIP = NO;
				DEBUG_INFORMATION_FORMAT = "dwarf-with-dsym";
				ENABLE_NS_ASSERTIONS = NO;
				ENABLE_STRICT_OBJC_MSGSEND = YES;
				GCC_C_LANGUAGE_STANDARD = gnu11;
				GCC_NO_COMMON_BLOCKS = YES;
				GCC_WARN_64_TO_32_BIT_CONVERSION = YES;
				GCC_WARN_ABOUT_RETURN_TYPE = YES_ERROR;
				GCC_WARN_UNDECLARED_SELECTOR = YES;
				GCC_WARN_UNINITIALIZED_AUTOS = YES_AGGRESSIVE;
				GCC_WARN_UNUSED_FUNCTION = YES;
				GCC_WARN_UNUSED_VARIABLE = YES;
				IPHONEOS_DEPLOYMENT_TARGET = 11.2;
				MTL_ENABLE_DEBUG_INFO = NO;
				SDKROOT = iphoneos;
				SWIFT_OPTIMIZATION_LEVEL = "-Owholemodule";
				VALIDATE_PRODUCT = YES;
			};
			name = Release;
		};
		C64267422001B6FE00CE9AD2 /* Debug */ = {
			isa = XCBuildConfiguration;
			buildSettings = {
				ASSETCATALOG_COMPILER_APPICON_NAME = AppIcon;
				CODE_SIGN_STYLE = Automatic;
				DEVELOPMENT_TEAM = 3NA78F3F7G;
				INFOPLIST_FILE = LocalNotificationExample/Info.plist;
				LD_RUNPATH_SEARCH_PATHS = "$(inherited) @executable_path/Frameworks";
				PRODUCT_BUNDLE_IDENTIFIER = com.sean.LocalNotificationExample;
				PRODUCT_NAME = "$(TARGET_NAME)";
				SWIFT_VERSION = 4.0;
				TARGETED_DEVICE_FAMILY = "1,2";
			};
			name = Debug;
		};
		C64267432001B6FE00CE9AD2 /* Release */ = {
			isa = XCBuildConfiguration;
			buildSettings = {
				ASSETCATALOG_COMPILER_APPICON_NAME = AppIcon;
				CODE_SIGN_STYLE = Automatic;
				DEVELOPMENT_TEAM = 3NA78F3F7G;
				INFOPLIST_FILE = LocalNotificationExample/Info.plist;
				LD_RUNPATH_SEARCH_PATHS = "$(inherited) @executable_path/Frameworks";
				PRODUCT_BUNDLE_IDENTIFIER = com.sean.LocalNotificationExample;
				PRODUCT_NAME = "$(TARGET_NAME)";
				SWIFT_VERSION = 4.0;
				TARGETED_DEVICE_FAMILY = "1,2";
			};
			name = Release;
		};
		C64267452001B6FE00CE9AD2 /* Debug */ = {
			isa = XCBuildConfiguration;
			buildSettings = {
				ALWAYS_EMBED_SWIFT_STANDARD_LIBRARIES = YES;
				BUNDLE_LOADER = "$(TEST_HOST)";
				CODE_SIGN_STYLE = Automatic;
				DEVELOPMENT_TEAM = 3NA78F3F7G;
				INFOPLIST_FILE = LocalNotificationExampleTests/Info.plist;
				LD_RUNPATH_SEARCH_PATHS = "$(inherited) @executable_path/Frameworks @loader_path/Frameworks";
				PRODUCT_BUNDLE_IDENTIFIER = com.sean.LocalNotificationExampleTests;
				PRODUCT_NAME = "$(TARGET_NAME)";
				SWIFT_VERSION = 4.0;
				TARGETED_DEVICE_FAMILY = "1,2";
				TEST_HOST = "$(BUILT_PRODUCTS_DIR)/LocalNotificationExample.app/LocalNotificationExample";
			};
			name = Debug;
		};
		C64267462001B6FE00CE9AD2 /* Release */ = {
			isa = XCBuildConfiguration;
			buildSettings = {
				ALWAYS_EMBED_SWIFT_STANDARD_LIBRARIES = YES;
				BUNDLE_LOADER = "$(TEST_HOST)";
				CODE_SIGN_STYLE = Automatic;
				DEVELOPMENT_TEAM = 3NA78F3F7G;
				INFOPLIST_FILE = LocalNotificationExampleTests/Info.plist;
				LD_RUNPATH_SEARCH_PATHS = "$(inherited) @executable_path/Frameworks @loader_path/Frameworks";
				PRODUCT_BUNDLE_IDENTIFIER = com.sean.LocalNotificationExampleTests;
				PRODUCT_NAME = "$(TARGET_NAME)";
				SWIFT_VERSION = 4.0;
				TARGETED_DEVICE_FAMILY = "1,2";
				TEST_HOST = "$(BUILT_PRODUCTS_DIR)/LocalNotificationExample.app/LocalNotificationExample";
			};
			name = Release;
		};
		C64267482001B6FE00CE9AD2 /* Debug */ = {
			isa = XCBuildConfiguration;
			buildSettings = {
				ALWAYS_EMBED_SWIFT_STANDARD_LIBRARIES = YES;
				CODE_SIGN_STYLE = Automatic;
				DEVELOPMENT_TEAM = 3NA78F3F7G;
				INFOPLIST_FILE = LocalNotificationExampleUITests/Info.plist;
				LD_RUNPATH_SEARCH_PATHS = "$(inherited) @executable_path/Frameworks @loader_path/Frameworks";
				PRODUCT_BUNDLE_IDENTIFIER = com.sean.LocalNotificationExampleUITests;
				PRODUCT_NAME = "$(TARGET_NAME)";
				SWIFT_VERSION = 4.0;
				TARGETED_DEVICE_FAMILY = "1,2";
				TEST_TARGET_NAME = LocalNotificationExample;
			};
			name = Debug;
		};
		C64267492001B6FE00CE9AD2 /* Release */ = {
			isa = XCBuildConfiguration;
			buildSettings = {
				ALWAYS_EMBED_SWIFT_STANDARD_LIBRARIES = YES;
				CODE_SIGN_STYLE = Automatic;
				DEVELOPMENT_TEAM = 3NA78F3F7G;
				INFOPLIST_FILE = LocalNotificationExampleUITests/Info.plist;
				LD_RUNPATH_SEARCH_PATHS = "$(inherited) @executable_path/Frameworks @loader_path/Frameworks";
				PRODUCT_BUNDLE_IDENTIFIER = com.sean.LocalNotificationExampleUITests;
				PRODUCT_NAME = "$(TARGET_NAME)";
				SWIFT_VERSION = 4.0;
				TARGETED_DEVICE_FAMILY = "1,2";
				TEST_TARGET_NAME = LocalNotificationExample;
			};
			name = Release;
		};
/* End XCBuildConfiguration section */

/* Begin XCConfigurationList section */
		C64267112001B6FE00CE9AD2 /* Build configuration list for PBXProject "LocalNotificationExample" */ = {
			isa = XCConfigurationList;
			buildConfigurations = (
				C642673F2001B6FE00CE9AD2 /* Debug */,
				C64267402001B6FE00CE9AD2 /* Release */,
			);
			defaultConfigurationIsVisible = 0;
			defaultConfigurationName = Release;
		};
		C64267412001B6FE00CE9AD2 /* Build configuration list for PBXNativeTarget "LocalNotificationExample" */ = {
			isa = XCConfigurationList;
			buildConfigurations = (
				C64267422001B6FE00CE9AD2 /* Debug */,
				C64267432001B6FE00CE9AD2 /* Release */,
			);
			defaultConfigurationIsVisible = 0;
			defaultConfigurationName = Release;
		};
		C64267442001B6FE00CE9AD2 /* Build configuration list for PBXNativeTarget "LocalNotificationExampleTests" */ = {
			isa = XCConfigurationList;
			buildConfigurations = (
				C64267452001B6FE00CE9AD2 /* Debug */,
				C64267462001B6FE00CE9AD2 /* Release */,
			);
			defaultConfigurationIsVisible = 0;
			defaultConfigurationName = Release;
		};
		C64267472001B6FE00CE9AD2 /* Build configuration list for PBXNativeTarget "LocalNotificationExampleUITests" */ = {
			isa = XCConfigurationList;
			buildConfigurations = (
				C64267482001B6FE00CE9AD2 /* Debug */,
				C64267492001B6FE00CE9AD2 /* Release */,
			);
			defaultConfigurationIsVisible = 0;
			defaultConfigurationName = Release;
		};
/* End XCConfigurationList section */

/* Begin XCVersionGroup section */
		C64267202001B6FE00CE9AD2 /* LocalNotificationExample.xcdatamodeld */ = {
			isa = XCVersionGroup;
			children = (
				C64267212001B6FE00CE9AD2 /* LocalNotificationExample.xcdatamodel */,
			);
			currentVersion = C64267212001B6FE00CE9AD2 /* LocalNotificationExample.xcdatamodel */;
			path = LocalNotificationExample.xcdatamodeld;
			sourceTree = "<group>";
			versionGroupType = wrapper.xcdatamodel;
		};
/* End XCVersionGroup section */
	};
	rootObject = C642670E2001B6FE00CE9AD2 /* Project object */;
}
